
Microsoft Visual Studio Solution File, Format Version 12.00
# Visual Studio Version 17
VisualStudioVersion = 17.10.35013.160
MinimumVisualStudioVersion = 10.0.40219.1
Project("{9A19103F-16F7-4668-BE54-9A1E7A4F7556}") = "SunWiseAPI", "SunWiseAPI\SunWiseAPI.csproj", "{6BCB93D0-1A87-4B70-B7EB-DE1CC4AFE886}"
EndProject
Project("{FAE04EC0-301F-11D3-BF4B-00C04F79EFBC}") = "SunWiseAPI.Tests", "SunWiseAPI.Tests\SunWiseAPI.Tests.csproj", "{5C272A1D-1AF1-42DB-8B2F-EFE500D2DC2E}"
EndProject
Global
	GlobalSection(SolutionConfigurationPlatforms) = preSolution
		Debug|Any CPU = Debug|Any CPU
		Release|Any CPU = Release|Any CPU
	EndGlobalSection
	GlobalSection(ProjectConfigurationPlatforms) = postSolution
		{6BCB93D0-1A87-4B70-B7EB-DE1CC4AFE886}.Debug|Any CPU.ActiveCfg = Debug|Any CPU
		{6BCB93D0-1A87-4B70-B7EB-DE1CC4AFE886}.Debug|Any CPU.Build.0 = Debug|Any CPU
		{6BCB93D0-1A87-4B70-B7EB-DE1CC4AFE886}.Release|Any CPU.ActiveCfg = Release|Any CPU
		{6BCB93D0-1A87-4B70-B7EB-DE1CC4AFE886}.Release|Any CPU.Build.0 = Release|Any CPU
		{5C272A1D-1AF1-42DB-8B2F-EFE500D2DC2E}.Debug|Any CPU.ActiveCfg = Debug|Any CPU
		{5C272A1D-1AF1-42DB-8B2F-EFE500D2DC2E}.Debug|Any CPU.Build.0 = Debug|Any CPU
		{5C272A1D-1AF1-42DB-8B2F-EFE500D2DC2E}.Release|Any CPU.ActiveCfg = Release|Any CPU
		{5C272A1D-1AF1-42DB-8B2F-EFE500D2DC2E}.Release|Any CPU.Build.0 = Release|Any CPU
	EndGlobalSection
	GlobalSection(SolutionProperties) = preSolution
		HideSolutionNode = FALSE
	EndGlobalSection
	GlobalSection(ExtensibilityGlobals) = postSolution
		SolutionGuid = {84424E65-78DC-40BB-B3C0-FC6A066D302B}
	EndGlobalSection
EndGlobal
